Microsoft Visual Studio Solution File, Format Version 12.00
# Visual Studio Version 17
VisualStudioVersion = 17.5.2.0
MinimumVisualStudioVersion = 10.0.40219.1
Project("{FAE04EC0-301F-11D3-BF4B-00C04F79EFBC}") = "MediPlusApp", "MediPlusApp\MediPlusApp.csproj", "{4A277D61-F2FF-075A-1BE2-0EF5C3008FE4}"
EndProject
Global
	GlobalSection(SolutionConfigurationPlatforms) = preSolution
		Debug|Any CPU = Debug|Any CPU
		Release|Any CPU = Release|Any CPU
	EndGlobalSection
	GlobalSection(ProjectConfigurationPlatforms) = postSolution
		{4A277D61-F2FF-075A-1BE2-0EF5C3008FE4}.Debug|Any CPU.ActiveCfg = Debug|Any CPU
		{4A277D61-F2FF-075A-1BE2-0EF5C3008FE4}.Debug|Any CPU.Build.0 = Debug|Any CPU
		{4A277D61-F2FF-075A-1BE2-0EF5C3008FE4}.Release|Any CPU.ActiveCfg = Release|Any CPU
		{4A277D61-F2FF-075A-1BE2-0EF5C3008FE4}.Release|Any CPU.Build.0 = Release|Any CPU
	EndGlobalSection
	GlobalSection(SolutionProperties) = preSolution
		HideSolutionNode = FALSE
	EndGlobalSection
	GlobalSection(ExtensibilityGlobals) = postSolution
		SolutionGuid = {62D15D14-7B5D-44D7-84CA-576B0DF3A61A}
	EndGlobalSection
EndGlobal
